
Microsoft Visual Studio Solution File, Format Version 12.00
Project("{FAE04EC0-301F-11D3-BF4B-00C04F79EFBC}") = "RaylibBallGame", "RaylibBallGame\RaylibBallGame.csproj", "{44B44605-37DD-4D38-BA99-55032E61DE10}"
EndProject
Global
	GlobalSection(SolutionConfigurationPlatforms) = preSolution
		Debug|Any CPU = Debug|Any CPU
		Release|Any CPU = Release|Any CPU
	EndGlobalSection
	GlobalSection(ProjectConfigurationPlatforms) = postSolution
		{44B44605-37DD-4D38-BA99-55032E61DE10}.Debug|Any CPU.ActiveCfg = Debug|Any CPU
		{44B44605-37DD-4D38-BA99-55032E61DE10}.Debug|Any CPU.Build.0 = Debug|Any CPU
		{44B44605-37DD-4D38-BA99-55032E61DE10}.Release|Any CPU.ActiveCfg = Release|Any CPU
		{44B44605-37DD-4D38-BA99-55032E61DE10}.Release|Any CPU.Build.0 = Release|Any CPU
	EndGlobalSection
EndGlobal
